
Microsoft Visual Studio Solution File, Format Version 12.00
# Visual Studio 15
VisualStudioVersion = 15.0.28307.489
MinimumVisualStudioVersion = 10.0.40219.1
Project("{FAE04EC0-301F-11D3-BF4B-00C04F79EFBC}") = "EXERCICIO4", "EXERCICIO4\EXERCICIO4.csproj", "{3A1DD6C7-2826-441A-8948-5D390145FC1D}"
EndProject
Global
	GlobalSection(SolutionConfigurationPlatforms) = preSolution
		Debug|Any CPU = Debug|Any CPU
		Release|Any CPU = Release|Any CPU
	EndGlobalSection
	GlobalSection(ProjectConfigurationPlatforms) = postSolution
		{3A1DD6C7-2826-441A-8948-5D390145FC1D}.Debug|Any CPU.ActiveCfg = Debug|Any CPU
		{3A1DD6C7-2826-441A-8948-5D390145FC1D}.Debug|Any CPU.Build.0 = Debug|Any CPU
		{3A1DD6C7-2826-441A-8948-5D390145FC1D}.Release|Any CPU.ActiveCfg = Release|Any CPU
		{3A1DD6C7-2826-441A-8948-5D390145FC1D}.Release|Any CPU.Build.0 = Release|Any CPU
	EndGlobalSection
	GlobalSection(SolutionProperties) = preSolution
		HideSolutionNode = FALSE
	EndGlobalSection
	GlobalSection(ExtensibilityGlobals) = postSolution
		SolutionGuid = {D465C34B-66AD-41C4-A698-774C854D4331}
	EndGlobalSection
EndGlobal
